
Microsoft Visual Studio Solution File, Format Version 12.00
# Visual Studio Version 16
VisualStudioVersion = 16.0.30114.105
MinimumVisualStudioVersion = 10.0.40219.1
Project("{FAE04EC0-301F-11D3-BF4B-00C04F79EFBC}") = "PhotoFrameServer", "PhotoFrameServer\PhotoFrameServer.csproj", "{0652F1E2-7DDC-4DBC-B248-AC35E84EB383}"
EndProject
Project("{FAE04EC0-301F-11D3-BF4B-00C04F79EFBC}") = "PhotoFrameServer.Data", "PhotoFrameServer.Data\PhotoFrameServer.Data.csproj", "{3B197AD5-5116-4072-ABC7-0F0F4FC9DB85}"
EndProject
Project("{FAE04EC0-301F-11D3-BF4B-00C04F79EFBC}") = "PhotoFrameServer.Core", "PhotoFrameServer.Core\PhotoFrameServer.Core.csproj", "{605C0BF1-0476-4FEC-8E59-A16FD6B8D2DF}"
EndProject
Project("{FAE04EC0-301F-11D3-BF4B-00C04F79EFBC}") = "PhotoFrameServer.FileSystemProvider", "PhotoFrameServer.FileSystemProvider\PhotoFrameServer.FileSystemProvider.csproj", "{DD4B23E3-537C-4120-901A-3018DA5C4CD7}"
EndProject
Global
	GlobalSection(SolutionConfigurationPlatforms) = preSolution
		Debug|Any CPU = Debug|Any CPU
		Release|Any CPU = Release|Any CPU
	EndGlobalSection
	GlobalSection(SolutionProperties) = preSolution
		HideSolutionNode = FALSE
	EndGlobalSection
	GlobalSection(ProjectConfigurationPlatforms) = postSolution
		{0652F1E2-7DDC-4DBC-B248-AC35E84EB383}.Debug|Any CPU.ActiveCfg = Debug|Any CPU
		{0652F1E2-7DDC-4DBC-B248-AC35E84EB383}.Debug|Any CPU.Build.0 = Debug|Any CPU
		{0652F1E2-7DDC-4DBC-B248-AC35E84EB383}.Release|Any CPU.ActiveCfg = Release|Any CPU
		{0652F1E2-7DDC-4DBC-B248-AC35E84EB383}.Release|Any CPU.Build.0 = Release|Any CPU
		{3B197AD5-5116-4072-ABC7-0F0F4FC9DB85}.Debug|Any CPU.ActiveCfg = Debug|Any CPU
		{3B197AD5-5116-4072-ABC7-0F0F4FC9DB85}.Debug|Any CPU.Build.0 = Debug|Any CPU
		{3B197AD5-5116-4072-ABC7-0F0F4FC9DB85}.Release|Any CPU.ActiveCfg = Release|Any CPU
		{3B197AD5-5116-4072-ABC7-0F0F4FC9DB85}.Release|Any CPU.Build.0 = Release|Any CPU
		{605C0BF1-0476-4FEC-8E59-A16FD6B8D2DF}.Debug|Any CPU.ActiveCfg = Debug|Any CPU
		{605C0BF1-0476-4FEC-8E59-A16FD6B8D2DF}.Debug|Any CPU.Build.0 = Debug|Any CPU
		{605C0BF1-0476-4FEC-8E59-A16FD6B8D2DF}.Release|Any CPU.ActiveCfg = Release|Any CPU
		{605C0BF1-0476-4FEC-8E59-A16FD6B8D2DF}.Release|Any CPU.Build.0 = Release|Any CPU
		{DD4B23E3-537C-4120-901A-3018DA5C4CD7}.Debug|Any CPU.ActiveCfg = Debug|Any CPU
		{DD4B23E3-537C-4120-901A-3018DA5C4CD7}.Debug|Any CPU.Build.0 = Debug|Any CPU
		{DD4B23E3-537C-4120-901A-3018DA5C4CD7}.Release|Any CPU.ActiveCfg = Release|Any CPU
		{DD4B23E3-537C-4120-901A-3018DA5C4CD7}.Release|Any CPU.Build.0 = Release|Any CPU
	EndGlobalSection
EndGlobal
